
Microsoft Visual Studio Solution File, Format Version 12.00
# Visual Studio 15
VisualStudioVersion = 15.0.28307.438
MinimumVisualStudioVersion = 10.0.40219.1
Project("{9A19103F-16F7-4668-BE54-9A1E7A4F7556}") = "TitheEnvelopeApi", "TitheEnvelope\TitheEnvelopeApi.csproj", "{D202D1D8-2AA0-402E-9C94-F833584B4C44}"
EndProject
Global
	GlobalSection(SolutionConfigurationPlatforms) = preSolution
		Debug|Any CPU = Debug|Any CPU
		Release|Any CPU = Release|Any CPU
	EndGlobalSection
	GlobalSection(ProjectConfigurationPlatforms) = postSolution
		{D202D1D8-2AA0-402E-9C94-F833584B4C44}.Debug|Any CPU.ActiveCfg = Debug|Any CPU
		{D202D1D8-2AA0-402E-9C94-F833584B4C44}.Debug|Any CPU.Build.0 = Debug|Any CPU
		{D202D1D8-2AA0-402E-9C94-F833584B4C44}.Release|Any CPU.ActiveCfg = Release|Any CPU
		{D202D1D8-2AA0-402E-9C94-F833584B4C44}.Release|Any CPU.Build.0 = Release|Any CPU
	EndGlobalSection
	GlobalSection(SolutionProperties) = preSolution
		HideSolutionNode = FALSE
	EndGlobalSection
	GlobalSection(ExtensibilityGlobals) = postSolution
		SolutionGuid = {5DCCDDC8-6889-455F-A04E-0B0C230898E4}
	EndGlobalSection
EndGlobal
